// !$*UTF8*$!
{
	archiveVersion = 1;
	classes = {
	};
	objectVersion = 56;
	objects = {

/* Begin PBXBuildFile section */
		3F0AA7682924AE6300840F52 /* AppDelegate.swift in Sources */ = {isa = PBXBuildFile; fileRef = 3F0AA7672924AE6300840F52 /* AppDelegate.swift */; };
		3F0AA76A2924AE6300840F52 /* SceneDelegate.swift in Sources */ = {isa = PBXBuildFile; fileRef = 3F0AA7692924AE6300840F52 /* SceneDelegate.swift */; };
		3F0AA76C2924AE6300840F52 /* ViewController.swift in Sources */ = {isa = PBXBuildFile; fileRef = 3F0AA76B2924AE6300840F52 /* ViewController.swift */; };
		3F0AA76F2924AE6300840F52 /* Main.storyboard in Resources */ = {isa = PBXBuildFile; fileRef = 3F0AA76D2924AE6300840F52 /* Main.storyboard */; };
		3F0AA7712924AE6400840F52 /* Assets.xcassets in Resources */ = {isa = PBXBuildFile; fileRef = 3F0AA7702924AE6400840F52 /* Assets.xcassets */; };
		3F0AA7742924AE6400840F52 /* LaunchScreen.storyboard in Resources */ = {isa = PBXBuildFile; fileRef = 3F0AA7722924AE6400840F52 /* LaunchScreen.storyboard */; };
		3F0AA77F2924AE6400840F52 /* Binary_CounterTests.swift in Sources */ = {isa = PBXBuildFile; fileRef = 3F0AA77E2924AE6400840F52 /* Binary_CounterTests.swift */; };
		3F0AA7892924AE6400840F52 /* Binary_CounterUITests.swift in Sources */ = {isa = PBXBuildFile; fileRef = 3F0AA7882924AE6400840F52 /* Binary_CounterUITests.swift */; };
		3F0AA78B2924AE6400840F52 /* Binary_CounterUITestsLaunchTests.swift in Sources */ = {isa = PBXBuildFile; fileRef = 3F0AA78A2924AE6400840F52 /* Binary_CounterUITestsLaunchTests.swift */; };
		3F0AA79A2924B7F000840F52 /* TabelConten.swift in Sources */ = {isa = PBXBuildFile; fileRef = 3F0AA7992924B7F000840F52 /* TabelConten.swift */; };
/* End PBXBuildFile section */

/* Begin PBXContainerItemProxy section */
		3F0AA77B2924AE6400840F52 /* PBXContainerItemProxy */ = {
			isa = PBXContainerItemProxy;
			containerPortal = 3F0AA75C2924AE6300840F52 /* Project object */;
			proxyType = 1;
			remoteGlobalIDString = 3F0AA7632924AE6300840F52;
			remoteInfo = "Binary Counter";
		};
		3F0AA7852924AE6400840F52 /* PBXContainerItemProxy */ = {
			isa = PBXContainerItemProxy;
			containerPortal = 3F0AA75C2924AE6300840F52 /* Project object */;
			proxyType = 1;
			remoteGlobalIDString = 3F0AA7632924AE6300840F52;
			remoteInfo = "Binary Counter";
		};
/* End PBXContainerItemProxy section */

/* Begin PBXFileReference section */
		3F0AA7642924AE6300840F52 /* Binary Counter.app */ = {isa = PBXFileReference; explicitFileType = wrapper.application; includeInIndex = 0; path = "Binary Counter.app"; sourceTree = BUILT_PRODUCTS_DIR; };
		3F0AA7672924AE6300840F52 /* AppDelegate.swift */ = {isa = PBXFileReference; lastKnownFileType = sourcecode.swift; path = AppDelegate.swift; sourceTree = "<group>"; };
		3F0AA7692924AE6300840F52 /* SceneDelegate.swift */ = {isa = PBXFileReference; lastKnownFileType = sourcecode.swift; path = SceneDelegate.swift; sourceTree = "<group>"; };
		3F0AA76B2924AE6300840F52 /* ViewController.swift */ = {isa = PBXFileReference; lastKnownFileType = sourcecode.swift; path = ViewController.swift; sourceTree = "<group>"; };
		3F0AA76E2924AE6300840F52 /* Base */ = {isa = PBXFileReference; lastKnownFileType = file.storyboard; name = Base; path = Base.lproj/Main.storyboard; sourceTree = "<group>"; };
		3F0AA7702924AE6400840F52 /* Assets.xcassets */ = {isa = PBXFileReference; lastKnownFileType = folder.assetcatalog; path = Assets.xcassets; sourceTree = "<group>"; };
		3F0AA7732924AE6400840F52 /* Base */ = {isa = PBXFileReference; lastKnownFileType = file.storyboard; name = Base; path = Base.lproj/LaunchScreen.storyboard; sourceTree = "<group>"; };
		3F0AA7752924AE6400840F52 /* Info.plist */ = {isa = PBXFileReference; lastKnownFileType = text.plist.xml; path = Info.plist; sourceTree = "<group>"; };
		3F0AA77A2924AE6400840F52 /* Binary CounterTests.xctest */ = {isa = PBXFileReference; explicitFileType = wrapper.cfbundle; includeInIndex = 0; path = "Binary CounterTests.xctest"; sourceTree = BUILT_PRODUCTS_DIR; };
		3F0AA77E2924AE6400840F52 /* Binary_CounterTests.swift */ = {isa = PBXFileReference; lastKnownFileType = sourcecode.swift; path = Binary_CounterTests.swift; sourceTree = "<group>"; };
		3F0AA7842924AE6400840F52 /* Binary CounterUITests.xctest */ = {isa = PBXFileReference; explicitFileType = wrapper.cfbundle; includeInIndex = 0; path = "Binary CounterUITests.xctest"; sourceTree = BUILT_PRODUCTS_DIR; };
		3F0AA7882924AE6400840F52 /* Binary_CounterUITests.swift */ = {isa = PBXFileReference; lastKnownFileType = sourcecode.swift; path = Binary_CounterUITests.swift; sourceTree = "<group>"; };
		3F0AA78A2924AE6400840F52 /* Binary_CounterUITestsLaunchTests.swift */ = {isa = PBXFileReference; lastKnownFileType = sourcecode.swift; path = Binary_CounterUITestsLaunchTests.swift; sourceTree = "<group>"; };
		3F0AA7992924B7F000840F52 /* TabelConten.swift */ = {isa = PBXFileReference; lastKnownFileType = sourcecode.swift; path = TabelConten.swift; sourceTree = "<group>"; };
/* End PBXFileReference section */

/* Begin PBXFrameworksBuildPhase section */
		3F0AA7612924AE6300840F52 /* Frameworks */ = {
			isa = PBXFrameworksBuildPhase;
			buildActionMask = 2147483647;
			files = (
			);
			runOnlyForDeploymentPostprocessing = 0;
		};
		3F0AA7772924AE6400840F52 /* Frameworks */ = {
			isa = PBXFrameworksBuildPhase;
			buildActionMask = 2147483647;
			files = (
			);
			runOnlyForDeploymentPostprocessing = 0;
		};
		3F0AA7812924AE6400840F52 /* Frameworks */ = {
			isa = PBXFrameworksBuildPhase;
			buildActionMask = 2147483647;
			files = (
			);
			runOnlyForDeploymentPostprocessing = 0;
		};
/* End PBXFrameworksBuildPhase section */

/* Begin PBXGroup section */
		3F0AA75B2924AE6300840F52 = {
			isa = PBXGroup;
			children = (
				3F0AA7662924AE6300840F52 /* Binary Counter */,
				3F0AA77D2924AE6400840F52 /* Binary CounterTests */,
				3F0AA7872924AE6400840F52 /* Binary CounterUITests */,
				3F0AA7652924AE6300840F52 /* Products */,
			);
			sourceTree = "<group>";
		};
		3F0AA7652924AE6300840F52 /* Products */ = {
			isa = PBXGroup;
			children = (
				3F0AA7642924AE6300840F52 /* Binary Counter.app */,
				3F0AA77A2924AE6400840F52 /* Binary CounterTests.xctest */,
				3F0AA7842924AE6400840F52 /* Binary CounterUITests.xctest */,
			);
			name = Products;
			sourceTree = "<group>";
		};
		3F0AA7662924AE6300840F52 /* Binary Counter */ = {
			isa = PBXGroup;
			children = (
				3F0AA7672924AE6300840F52 /* AppDelegate.swift */,
				3F0AA7692924AE6300840F52 /* SceneDelegate.swift */,
				3F0AA76B2924AE6300840F52 /* ViewController.swift */,
				3F0AA76D2924AE6300840F52 /* Main.storyboard */,
				3F0AA7702924AE6400840F52 /* Assets.xcassets */,
				3F0AA7722924AE6400840F52 /* LaunchScreen.storyboard */,
				3F0AA7752924AE6400840F52 /* Info.plist */,
				3F0AA7992924B7F000840F52 /* TabelConten.swift */,
			);
			path = "Binary Counter";
			sourceTree = "<group>";
		};
		3F0AA77D2924AE6400840F52 /* Binary CounterTests */ = {
			isa = PBXGroup;
			children = (
				3F0AA77E2924AE6400840F52 /* Binary_CounterTests.swift */,
			);
			path = "Binary CounterTests";
			sourceTree = "<group>";
		};
		3F0AA7872924AE6400840F52 /* Binary CounterUITests */ = {
			isa = PBXGroup;
			children = (
				3F0AA7882924AE6400840F52 /* Binary_CounterUITests.swift */,
				3F0AA78A2924AE6400840F52 /* Binary_CounterUITestsLaunchTests.swift */,
			);
			path = "Binary CounterUITests";
			sourceTree = "<group>";
		};
/* End PBXGroup section */

/* Begin PBXNativeTarget section */
		3F0AA7632924AE6300840F52 /* Binary Counter */ = {
			isa = PBXNativeTarget;
			buildConfigurationList = 3F0AA78E2924AE6400840F52 /* Build configuration list for PBXNativeTarget "Binary Counter" */;
			buildPhases = (
				3F0AA7602924AE6300840F52 /* Sources */,
				3F0AA7612924AE6300840F52 /* Frameworks */,
				3F0AA7622924AE6300840F52 /* Resources */,
			);
			buildRules = (
			);
			dependencies = (
			);
			name = "Binary Counter";
			productName = "Binary Counter";
			productReference = 3F0AA7642924AE6300840F52 /* Binary Counter.app */;
			productType = "com.apple.product-type.application";
		};
		3F0AA7792924AE6400840F52 /* Binary CounterTests */ = {
			isa = PBXNativeTarget;
			buildConfigurationList = 3F0AA7912924AE6400840F52 /* Build configuration list for PBXNativeTarget "Binary CounterTests" */;
			buildPhases = (
				3F0AA7762924AE6400840F52 /* Sources */,
				3F0AA7772924AE6400840F52 /* Frameworks */,
				3F0AA7782924AE6400840F52 /* Resources */,
			);
			buildRules = (
			);
			dependencies = (
				3F0AA77C2924AE6400840F52 /* PBXTargetDependency */,
			);
			name = "Binary CounterTests";
			productName = "Binary CounterTests";
			productReference = 3F0AA77A2924AE6400840F52 /* Binary CounterTests.xctest */;
			productType = "com.apple.product-type.bundle.unit-test";
		};
		3F0AA7832924AE6400840F52 /* Binary CounterUITests */ = {
			isa = PBXNativeTarget;
			buildConfigurationList = 3F0AA7942924AE6400840F52 /* Build configuration list for PBXNativeTarget "Binary CounterUITests" */;
			buildPhases = (
				3F0AA7802924AE6400840F52 /* Sources */,
				3F0AA7812924AE6400840F52 /* Frameworks */,
				3F0AA7822924AE6400840F52 /* Resources */,
			);
			buildRules = (
			);
			dependencies = (
				3F0AA7862924AE6400840F52 /* PBXTargetDependency */,
			);
			name = "Binary CounterUITests";
			productName = "Binary CounterUITests";
			productReference = 3F0AA7842924AE6400840F52 /* Binary CounterUITests.xctest */;
			productType = "com.apple.product-type.bundle.ui-testing";
		};
/* End PBXNativeTarget section */

/* Begin PBXProject section */
		3F0AA75C2924AE6300840F52 /* Project object */ = {
			isa = PBXProject;
			attributes = {
				BuildIndependentTargetsInParallel = 1;
				LastSwiftUpdateCheck = 1410;
				LastUpgradeCheck = 1410;
				TargetAttributes = {
					3F0AA7632924AE6300840F52 = {
						CreatedOnToolsVersion = 14.1;
					};
					3F0AA7792924AE6400840F52 = {
						CreatedOnToolsVersion = 14.1;
						TestTargetID = 3F0AA7632924AE6300840F52;
					};
					3F0AA7832924AE6400840F52 = {
						CreatedOnToolsVersion = 14.1;
						TestTargetID = 3F0AA7632924AE6300840F52;
					};
				};
			};
			buildConfigurationList = 3F0AA75F2924AE6300840F52 /* Build configuration list for PBXProject "Binary Counter" */;
			compatibilityVersion = "Xcode 14.0";
			developmentRegion = en;
			hasScannedForEncodings = 0;
			knownRegions = (
				en,
				Base,
			);
			mainGroup = 3F0AA75B2924AE6300840F52;
			productRefGroup = 3F0AA7652924AE6300840F52 /* Products */;
			projectDirPath = "";
			projectRoot = "";
			targets = (
				3F0AA7632924AE6300840F52 /* Binary Counter */,
				3F0AA7792924AE6400840F52 /* Binary CounterTests */,
				3F0AA7832924AE6400840F52 /* Binary CounterUITests */,
			);
		};
/* End PBXProject section */

/* Begin PBXResourcesBuildPhase section */
		3F0AA7622924AE6300840F52 /* Resources */ = {
			isa = PBXResourcesBuildPhase;
			buildActionMask = 2147483647;
			files = (
				3F0AA7742924AE6400840F52 /* LaunchScreen.storyboard in Resources */,
				3F0AA7712924AE6400840F52 /* Assets.xcassets in Resources */,
				3F0AA76F2924AE6300840F52 /* Main.storyboard in Resources */,
			);
			runOnlyForDeploymentPostprocessing = 0;
		};
		3F0AA7782924AE6400840F52 /* Resources */ = {
			isa = PBXResourcesBuildPhase;
			buildActionMask = 2147483647;
			files = (
			);
			runOnlyForDeploymentPostprocessing = 0;
		};
		3F0AA7822924AE6400840F52 /* Resources */ = {
			isa = PBXResourcesBuildPhase;
			buildActionMask = 2147483647;
			files = (
			);
			runOnlyForDeploymentPostprocessing = 0;
		};
/* End PBXResourcesBuildPhase section */

/* Begin PBXSourcesBuildPhase section */
		3F0AA7602924AE6300840F52 /* Sources */ = {
			isa = PBXSourcesBuildPhase;
			buildActionMask = 2147483647;
			files = (
				3F0AA76C2924AE6300840F52 /* ViewController.swift in Sources */,
				3F0AA7682924AE6300840F52 /* AppDelegate.swift in Sources */,
				3F0AA76A2924AE6300840F52 /* SceneDelegate.swift in Sources */,
				3F0AA79A2924B7F000840F52 /* TabelConten.swift in Sources */,
			);
			runOnlyForDeploymentPostprocessing = 0;
		};
		3F0AA7762924AE6400840F52 /* Sources */ = {
			isa = PBXSourcesBuildPhase;
			buildActionMask = 2147483647;
			files = (
				3F0AA77F2924AE6400840F52 /* Binary_CounterTests.swift in Sources */,
			);
			runOnlyForDeploymentPostprocessing = 0;
		};
		3F0AA7802924AE6400840F52 /* Sources */ = {
			isa = PBXSourcesBuildPhase;
			buildActionMask = 2147483647;
			files = (
				3F0AA78B2924AE6400840F52 /* Binary_CounterUITestsLaunchTests.swift in Sources */,
				3F0AA7892924AE6400840F52 /* Binary_CounterUITests.swift in Sources */,
			);
			runOnlyForDeploymentPostprocessing = 0;
		};
/* End PBXSourcesBuildPhase section */

/* Begin PBXTargetDependency section */
		3F0AA77C2924AE6400840F52 /* PBXTargetDependency */ = {
			isa = PBXTargetDependency;
			target = 3F0AA7632924AE6300840F52 /* Binary Counter */;
			targetProxy = 3F0AA77B2924AE6400840F52 /* PBXContainerItemProxy */;
		};
		3F0AA7862924AE6400840F52 /* PBXTargetDependency */ = {
			isa = PBXTargetDependency;
			target = 3F0AA7632924AE6300840F52 /* Binary Counter */;
			targetProxy = 3F0AA7852924AE6400840F52 /* PBXContainerItemProxy */;
		};
/* End PBXTargetDependency section */

/* Begin PBXVariantGroup section */
		3F0AA76D2924AE6300840F52 /* Main.storyboard */ = {
			isa = PBXVariantGroup;
			children = (
				3F0AA76E2924AE6300840F52 /* Base */,
			);
			name = Main.storyboard;
			sourceTree = "<group>";
		};
		3F0AA7722924AE6400840F52 /* LaunchScreen.storyboard */ = {
			isa = PBXVariantGroup;
			children = (
				3F0AA7732924AE6400840F52 /* Base */,
			);
			name = LaunchScreen.storyboard;
			sourceTree = "<group>";
		};
/* End PBXVariantGroup section */

/* Begin XCBuildConfiguration section */
		3F0AA78C2924AE6400840F52 /* Debug */ = {
			isa = XCBuildConfiguration;
			buildSettings = {
				ALWAYS_SEARCH_USER_PATHS = NO;
				CLANG_ANALYZER_NONNULL = YES;
				CLANG_ANALYZER_NUMBER_OBJECT_CONVERSION = YES_AGGRESSIVE;
				CLANG_CXX_LANGUAGE_STANDARD = "gnu++20";
				CLANG_ENABLE_MODULES = YES;
				CLANG_ENABLE_OBJC_ARC = YES;
				CLANG_ENABLE_OBJC_WEAK = YES;
				CLANG_WARN_BLOCK_CAPTURE_AUTORELEASING = YES;
				CLANG_WARN_BOOL_CONVERSION = YES;
				CLANG_WARN_COMMA = YES;
				CLANG_WARN_CONSTANT_CONVERSION = YES;
				CLANG_WARN_DEPRECATED_OBJC_IMPLEMENTATIONS = YES;
				CLANG_WARN_DIRECT_OBJC_ISA_USAGE = YES_ERROR;
				CLANG_WARN_DOCUMENTATION_COMMENTS = YES;
				CLANG_WARN_EMPTY_BODY = YES;
				CLANG_WARN_ENUM_CONVERSION = YES;
				CLANG_WARN_INFINITE_RECURSION = YES;
				CLANG_WARN_INT_CONVERSION = YES;
				CLANG_WARN_NON_LITERAL_NULL_CONVERSION = YES;
				CLANG_WARN_OBJC_IMPLICIT_RETAIN_SELF = YES;
				CLANG_WARN_OBJC_LITERAL_CONVERSION = YES;
				CLANG_WARN_OBJC_ROOT_CLASS = YES_ERROR;
				CLANG_WARN_QUOTED_INCLUDE_IN_FRAMEWORK_HEADER = YES;
				CLANG_WARN_RANGE_LOOP_ANALYSIS = YES;
				CLANG_WARN_STRICT_PROTOTYPES = YES;
				CLANG_WARN_SUSPICIOUS_MOVE = YES;
				CLANG_WARN_UNGUARDED_AVAILABILITY = YES_AGGRESSIVE;
				CLANG_WARN_UNREACHABLE_CODE = YES;
				CLANG_WARN__DUPLICATE_METHOD_MATCH = YES;
				COPY_PHASE_STRIP = NO;
				DEBUG_INFORMATION_FORMAT = dwarf;
				ENABLE_STRICT_OBJC_MSGSEND = YES;
				ENABLE_TESTABILITY = YES;
				GCC_C_LANGUAGE_STANDARD = gnu11;
				GCC_DYNAMIC_NO_PIC = NO;
				GCC_NO_COMMON_BLOCKS = YES;
				GCC_OPTIMIZATION_LEVEL = 0;
				GCC_PREPROCESSOR_DEFINITIONS = (
					"DEBUG=1",
					"$(inherited)",
				);
				GCC_WARN_64_TO_32_BIT_CONVERSION = YES;
				GCC_WARN_ABOUT_RETURN_TYPE = YES_ERROR;
				GCC_WARN_UNDECLARED_SELECTOR = YES;
				GCC_WARN_UNINITIALIZED_AUTOS = YES_AGGRESSIVE;
				GCC_WARN_UNUSED_FUNCTION = YES;
				GCC_WARN_UNUSED_VARIABLE = YES;
				IPHONEOS_DEPLOYMENT_TARGET = 16.1;
				MTL_ENABLE_DEBUG_INFO = INCLUDE_SOURCE;
				MTL_FAST_MATH = YES;
				ONLY_ACTIVE_ARCH = YES;
				SDKROOT = iphoneos;
				SWIFT_ACTIVE_COMPILATION_CONDITIONS = DEBUG;
				SWIFT_OPTIMIZATION_LEVEL = "-Onone";
			};
			name = Debug;
		};
		3F0AA78D2924AE6400840F52 /* Release */ = {
			isa = XCBuildConfiguration;
			buildSettings = {
				ALWAYS_SEARCH_USER_PATHS = NO;
				CLANG_ANALYZER_NONNULL = YES;
				CLANG_ANALYZER_NUMBER_OBJECT_CONVERSION = YES_AGGRESSIVE;
				CLANG_CXX_LANGUAGE_STANDARD = "gnu++20";
				CLANG_ENABLE_MODULES = YES;
				CLANG_ENABLE_OBJC_ARC = YES;
				CLANG_ENABLE_OBJC_WEAK = YES;
				CLANG_WARN_BLOCK_CAPTURE_AUTORELEASING = YES;
				CLANG_WARN_BOOL_CONVERSION = YES;
				CLANG_WARN_COMMA = YES;
				CLANG_WARN_CONSTANT_CONVERSION = YES;
				CLANG_WARN_DEPRECATED_OBJC_IMPLEMENTATIONS = YES;
				CLANG_WARN_DIRECT_OBJC_ISA_USAGE = YES_ERROR;
				CLANG_WARN_DOCUMENTATION_COMMENTS = YES;
				CLANG_WARN_EMPTY_BODY = YES;
				CLANG_WARN_ENUM_CONVERSION = YES;
				CLANG_WARN_INFINITE_RECURSION = YES;
				CLANG_WARN_INT_CONVERSION = YES;
				CLANG_WARN_NON_LITERAL_NULL_CONVERSION = YES;
				CLANG_WARN_OBJC_IMPLICIT_RETAIN_SELF = YES;
				CLANG_WARN_OBJC_LITERAL_CONVERSION = YES;
				CLANG_WARN_OBJC_ROOT_CLASS = YES_ERROR;
				CLANG_WARN_QUOTED_INCLUDE_IN_FRAMEWORK_HEADER = YES;
				CLANG_WARN_RANGE_LOOP_ANALYSIS = YES;
				CLANG_WARN_STRICT_PROTOTYPES = YES;
				CLANG_WARN_SUSPICIOUS_MOVE = YES;
				CLANG_WARN_UNGUARDED_AVAILABILITY = YES_AGGRESSIVE;
				CLANG_WARN_UNREACHABLE_CODE = YES;
				CLANG_WARN__DUPLICATE_METHOD_MATCH = YES;
				COPY_PHASE_STRIP = NO;
				DEBUG_INFORMATION_FORMAT = "dwarf-with-dsym";
				ENABLE_NS_ASSERTIONS = NO;
				ENABLE_STRICT_OBJC_MSGSEND = YES;
				GCC_C_LANGUAGE_STANDARD = gnu11;
				GCC_NO_COMMON_BLOCKS = YES;
				GCC_WARN_64_TO_32_BIT_CONVERSION = YES;
				GCC_WARN_ABOUT_RETURN_TYPE = YES_ERROR;
				GCC_WARN_UNDECLARED_SELECTOR = YES;
				GCC_WARN_UNINITIALIZED_AUTOS = YES_AGGRESSIVE;
				GCC_WARN_UNUSED_FUNCTION = YES;
				GCC_WARN_UNUSED_VARIABLE = YES;
				IPHONEOS_DEPLOYMENT_TARGET = 16.1;
				MTL_ENABLE_DEBUG_INFO = NO;
				MTL_FAST_MATH = YES;
				SDKROOT = iphoneos;
				SWIFT_COMPILATION_MODE = wholemodule;
				SWIFT_OPTIMIZATION_LEVEL = "-O";
				VALIDATE_PRODUCT = YES;
			};
			name = Release;
		};
		3F0AA78F2924AE6400840F52 /* Debug */ = {
			isa = XCBuildConfiguration;
			buildSettings = {
				ASSETCATALOG_COMPILER_APPICON_NAME = AppIcon;
				ASSETCATALOG_COMPILER_GLOBAL_ACCENT_COLOR_NAME = AccentColor;
				CODE_SIGN_STYLE = Automatic;
				CURRENT_PROJECT_VERSION = 1;
				GENERATE_INFOPLIST_FILE = YES;
				INFOPLIST_FILE = "Binary Counter/Info.plist";
				INFOPLIST_KEY_UIApplicationSupportsIndirectInputEvents = YES;
				INFOPLIST_KEY_UILaunchStoryboardName = LaunchScreen;
				INFOPLIST_KEY_UIMainStoryboardFile = Main;
				INFOPLIST_KEY_UISupportedInterfaceOrientations_iPad = "UIInterfaceOrientationPortrait UIInterfaceOrientationPortraitUpsideDown UIInterfaceOrientationLandscapeLeft UIInterfaceOrientationLandscapeRight";
				INFOPLIST_KEY_UISupportedInterfaceOrientations_iPhone = "UIInterfaceOrientationPortrait UIInterfaceOrientationLandscapeLeft UIInterfaceOrientationLandscapeRight";
				LD_RUNPATH_SEARCH_PATHS = (
					"$(inherited)",
					"@executable_path/Frameworks",
				);
				MARKETING_VERSION = 1.0;
				PRODUCT_BUNDLE_IDENTIFIER = "Aamer-Essa.Binary-Counter";
				PRODUCT_NAME = "$(TARGET_NAME)";
				SWIFT_EMIT_LOC_STRINGS = YES;
				SWIFT_VERSION = 5.0;
				TARGETED_DEVICE_FAMILY = "1,2";
			};
			name = Debug;
		};
		3F0AA7902924AE6400840F52 /* Release */ = {
			isa = XCBuildConfiguration;
			buildSettings = {
				ASSETCATALOG_COMPILER_APPICON_NAME = AppIcon;
				ASSETCATALOG_COMPILER_GLOBAL_ACCENT_COLOR_NAME = AccentColor;
				CODE_SIGN_STYLE = Automatic;
				CURRENT_PROJECT_VERSION = 1;
				GENERATE_INFOPLIST_FILE = YES;
				INFOPLIST_FILE = "Binary Counter/Info.plist";
				INFOPLIST_KEY_UIApplicationSupportsIndirectInputEvents = YES;
				INFOPLIST_KEY_UILaunchStoryboardName = LaunchScreen;
				INFOPLIST_KEY_UIMainStoryboardFile = Main;
				INFOPLIST_KEY_UISupportedInterfaceOrientations_iPad = "UIInterfaceOrientationPortrait UIInterfaceOrientationPortraitUpsideDown UIInterfaceOrientationLandscapeLeft UIInterfaceOrientationLandscapeRight";
				INFOPLIST_KEY_UISupportedInterfaceOrientations_iPhone = "UIInterfaceOrientationPortrait UIInterfaceOrientationLandscapeLeft UIInterfaceOrientationLandscapeRight";
				LD_RUNPATH_SEARCH_PATHS = (
					"$(inherited)",
					"@executable_path/Frameworks",
				);
				MARKETING_VERSION = 1.0;
				PRODUCT_BUNDLE_IDENTIFIER = "Aamer-Essa.Binary-Counter";
				PRODUCT_NAME = "$(TARGET_NAME)";
				SWIFT_EMIT_LOC_STRINGS = YES;
				SWIFT_VERSION = 5.0;
				TARGETED_DEVICE_FAMILY = "1,2";
			};
			name = Release;
		};
		3F0AA7922924AE6400840F52 /* Debug */ = {
			isa = XCBuildConfiguration;
			buildSettings = {
				ALWAYS_EMBED_SWIFT_STANDARD_LIBRARIES = YES;
				BUNDLE_LOADER = "$(TEST_HOST)";
				CODE_SIGN_STYLE = Automatic;
				CURRENT_PROJECT_VERSION = 1;
				GENERATE_INFOPLIST_FILE = YES;
				IPHONEOS_DEPLOYMENT_TARGET = 16.1;
				MARKETING_VERSION = 1.0;
				PRODUCT_BUNDLE_IDENTIFIER = "Aamer-Essa.Binary-CounterTests";
				PRODUCT_NAME = "$(TARGET_NAME)";
				SWIFT_EMIT_LOC_STRINGS = NO;
				SWIFT_VERSION = 5.0;
				TARGETED_DEVICE_FAMILY = "1,2";
				TEST_HOST = "$(BUILT_PRODUCTS_DIR)/Binary Counter.app/$(BUNDLE_EXECUTABLE_FOLDER_PATH)/Binary Counter";
			};
			name = Debug;
		};
		3F0AA7932924AE6400840F52 /* Release */ = {
			isa = XCBuildConfiguration;
			buildSettings = {
				ALWAYS_EMBED_SWIFT_STANDARD_LIBRARIES = YES;
				BUNDLE_LOADER = "$(TEST_HOST)";
				CODE_SIGN_STYLE = Automatic;
				CURRENT_PROJECT_VERSION = 1;
				GENERATE_INFOPLIST_FILE = YES;
				IPHONEOS_DEPLOYMENT_TARGET = 16.1;
				MARKETING_VERSION = 1.0;
				PRODUCT_BUNDLE_IDENTIFIER = "Aamer-Essa.Binary-CounterTests";
				PRODUCT_NAME = "$(TARGET_NAME)";
				SWIFT_EMIT_LOC_STRINGS = NO;
				SWIFT_VERSION = 5.0;
				TARGETED_DEVICE_FAMILY = "1,2";
				TEST_HOST = "$(BUILT_PRODUCTS_DIR)/Binary Counter.app/$(BUNDLE_EXECUTABLE_FOLDER_PATH)/Binary Counter";
			};
			name = Release;
		};
		3F0AA7952924AE6400840F52 /* Debug */ = {
			isa = XCBuildConfiguration;
			buildSettings = {
				ALWAYS_EMBED_SWIFT_STANDARD_LIBRARIES = YES;
				CODE_SIGN_STYLE = Automatic;
				CURRENT_PROJECT_VERSION = 1;
				GENERATE_INFOPLIST_FILE = YES;
				MARKETING_VERSION = 1.0;
				PRODUCT_BUNDLE_IDENTIFIER = "Aamer-Essa.Binary-CounterUITests";
				PRODUCT_NAME = "$(TARGET_NAME)";
				SWIFT_EMIT_LOC_STRINGS = NO;
				SWIFT_VERSION = 5.0;
				TARGETED_DEVICE_FAMILY = "1,2";
				TEST_TARGET_NAME = "Binary Counter";
			};
			name = Debug;
		};
		3F0AA7962924AE6400840F52 /* Release */ = {
			isa = XCBuildConfiguration;
			buildSettings = {
				ALWAYS_EMBED_SWIFT_STANDARD_LIBRARIES = YES;
				CODE_SIGN_STYLE = Automatic;
				CURRENT_PROJECT_VERSION = 1;
				GENERATE_INFOPLIST_FILE = YES;
				MARKETING_VERSION = 1.0;
				PRODUCT_BUNDLE_IDENTIFIER = "Aamer-Essa.Binary-CounterUITests";
				PRODUCT_NAME = "$(TARGET_NAME)";
				SWIFT_EMIT_LOC_STRINGS = NO;
				SWIFT_VERSION = 5.0;
				TARGETED_DEVICE_FAMILY = "1,2";
				TEST_TARGET_NAME = "Binary Counter";
			};
			name = Release;
		};
/* End XCBuildConfiguration section */

/* Begin XCConfigurationList section */
		3F0AA75F2924AE6300840F52 /* Build configuration list for PBXProject "Binary Counter" */ = {
			isa = XCConfigurationList;
			buildConfigurations = (
				3F0AA78C2924AE6400840F52 /* Debug */,
				3F0AA78D2924AE6400840F52 /* Release */,
			);
			defaultConfigurationIsVisible = 0;
			defaultConfigurationName = Release;
		};
		3F0AA78E2924AE6400840F52 /* Build configuration list for PBXNativeTarget "Binary Counter" */ = {
			isa = XCConfigurationList;
			buildConfigurations = (
				3F0AA78F2924AE6400840F52 /* Debug */,
				3F0AA7902924AE6400840F52 /* Release */,
			);
			defaultConfigurationIsVisible = 0;
			defaultConfigurationName = Release;
		};
		3F0AA7912924AE6400840F52 /* Build configuration list for PBXNativeTarget "Binary CounterTests" */ = {
			isa = XCConfigurationList;
			buildConfigurations = (
				3F0AA7922924AE6400840F52 /* Debug */,
				3F0AA7932924AE6400840F52 /* Release */,
			);
			defaultConfigurationIsVisible = 0;
			defaultConfigurationName = Release;
		};
		3F0AA7942924AE6400840F52 /* Build configuration list for PBXNativeTarget "Binary CounterUITests" */ = {
			isa = XCConfigurationList;
			buildConfigurations = (
				3F0AA7952924AE6400840F52 /* Debug */,
				3F0AA7962924AE6400840F52 /* Release */,
			);
			defaultConfigurationIsVisible = 0;
			defaultConfigurationName = Release;
		};
/* End XCConfigurationList section */
	};
	rootObject = 3F0AA75C2924AE6300840F52 /* Project object */;
}
